// !$*UTF8*$!
{
	archiveVersion = 1;
	classes = {
	};
	objectVersion = 55;
	objects = {

/* Begin PBXBuildFile section */
		28D0975A2840470A0060F7AE /* AppDelegate.swift in Sources */ = {isa = PBXBuildFile; fileRef = 28D097592840470A0060F7AE /* AppDelegate.swift */; };
		28D0975C2840470A0060F7AE /* SceneDelegate.swift in Sources */ = {isa = PBXBuildFile; fileRef = 28D0975B2840470A0060F7AE /* SceneDelegate.swift */; };
		28D0975E2840470A0060F7AE /* ViewController.swift in Sources */ = {isa = PBXBuildFile; fileRef = 28D0975D2840470A0060F7AE /* ViewController.swift */; };
		28D097612840470A0060F7AE /* Main.storyboard in Resources */ = {isa = PBXBuildFile; fileRef = 28D0975F2840470A0060F7AE /* Main.storyboard */; };
		28D097632840470C0060F7AE /* Assets.xcassets in Resources */ = {isa = PBXBuildFile; fileRef = 28D097622840470C0060F7AE /* Assets.xcassets */; };
		28D097662840470C0060F7AE /* LaunchScreen.storyboard in Resources */ = {isa = PBXBuildFile; fileRef = 28D097642840470C0060F7AE /* LaunchScreen.storyboard */; };
		28D0976E284047970060F7AE /* GoogleService-Info.plist in Resources */ = {isa = PBXBuildFile; fileRef = 28D0976D284047970060F7AE /* GoogleService-Info.plist */; };
		F4498C6128537DD49476253D /* Pods_Snapchat1.framework in Frameworks */ = {isa = PBXBuildFile; fileRef = 90DDC6845AE1C8CE7DF3BB00 /* Pods_Snapchat1.framework */; };
/* End PBXBuildFile section */

/* Begin PBXFileReference section */
		28D097562840470A0060F7AE /* Snapchat1.app */ = {isa = PBXFileReference; explicitFileType = wrapper.application; includeInIndex = 0; path = Snapchat1.app; sourceTree = BUILT_PRODUCTS_DIR; };
		28D097592840470A0060F7AE /* AppDelegate.swift */ = {isa = PBXFileReference; lastKnownFileType = sourcecode.swift; path = AppDelegate.swift; sourceTree = "<group>"; };
		28D0975B2840470A0060F7AE /* SceneDelegate.swift */ = {isa = PBXFileReference; lastKnownFileType = sourcecode.swift; path = SceneDelegate.swift; sourceTree = "<group>"; };
		28D0975D2840470A0060F7AE /* ViewController.swift */ = {isa = PBXFileReference; lastKnownFileType = sourcecode.swift; path = ViewController.swift; sourceTree = "<group>"; };
		28D097602840470A0060F7AE /* Base */ = {isa = PBXFileReference; lastKnownFileType = file.storyboard; name = Base; path = Base.lproj/Main.storyboard; sourceTree = "<group>"; };
		28D097622840470C0060F7AE /* Assets.xcassets */ = {isa = PBXFileReference; lastKnownFileType = folder.assetcatalog; path = Assets.xcassets; sourceTree = "<group>"; };
		28D097652840470C0060F7AE /* Base */ = {isa = PBXFileReference; lastKnownFileType = file.storyboard; name = Base; path = Base.lproj/LaunchScreen.storyboard; sourceTree = "<group>"; };
		28D097672840470C0060F7AE /* Info.plist */ = {isa = PBXFileReference; lastKnownFileType = text.plist.xml; path = Info.plist; sourceTree = "<group>"; };
		28D0976D284047970060F7AE /* GoogleService-Info.plist */ = {isa = PBXFileReference; fileEncoding = 4; lastKnownFileType = text.plist.xml; path = "GoogleService-Info.plist"; sourceTree = "<group>"; };
		3E6871DF81073F8B00A0A8EC /* Pods-Snapchat1.debug.xcconfig */ = {isa = PBXFileReference; includeInIndex = 1; lastKnownFileType = text.xcconfig; name = "Pods-Snapchat1.debug.xcconfig"; path = "Target Support Files/Pods-Snapchat1/Pods-Snapchat1.debug.xcconfig"; sourceTree = "<group>"; };
		90DDC6845AE1C8CE7DF3BB00 /* Pods_Snapchat1.framework */ = {isa = PBXFileReference; explicitFileType = wrapper.framework; includeInIndex = 0; path = Pods_Snapchat1.framework; sourceTree = BUILT_PRODUCTS_DIR; };
		EF4A948C34310A397E556236 /* Pods-Snapchat1.release.xcconfig */ = {isa = PBXFileReference; includeInIndex = 1; lastKnownFileType = text.xcconfig; name = "Pods-Snapchat1.release.xcconfig"; path = "Target Support Files/Pods-Snapchat1/Pods-Snapchat1.release.xcconfig"; sourceTree = "<group>"; };
/* End PBXFileReference section */

/* Begin PBXFrameworksBuildPhase section */
		28D097532840470A0060F7AE /* Frameworks */ = {
			isa = PBXFrameworksBuildPhase;
			buildActionMask = 2147483647;
			files = (
				F4498C6128537DD49476253D /* Pods_Snapchat1.framework in Frameworks */,
			);
			runOnlyForDeploymentPostprocessing = 0;
		};
/* End PBXFrameworksBuildPhase section */

/* Begin PBXGroup section */
		28D0974D2840470A0060F7AE = {
			isa = PBXGroup;
			children = (
				28D097582840470A0060F7AE /* Snapchat1 */,
				28D097572840470A0060F7AE /* Products */,
				A2173BCC853243CDA30AB1AB /* Pods */,
				51A2DA0F609E124739CC9843 /* Frameworks */,
			);
			sourceTree = "<group>";
		};
		28D097572840470A0060F7AE /* Products */ = {
			isa = PBXGroup;
			children = (
				28D097562840470A0060F7AE /* Snapchat1.app */,
			);
			name = Products;
			sourceTree = "<group>";
		};
		28D097582840470A0060F7AE /* Snapchat1 */ = {
			isa = PBXGroup;
			children = (
				28D097592840470A0060F7AE /* AppDelegate.swift */,
				28D0975B2840470A0060F7AE /* SceneDelegate.swift */,
				28D0975D2840470A0060F7AE /* ViewController.swift */,
				28D0975F2840470A0060F7AE /* Main.storyboard */,
				28D097622840470C0060F7AE /* Assets.xcassets */,
				28D097642840470C0060F7AE /* LaunchScreen.storyboard */,
				28D097672840470C0060F7AE /* Info.plist */,
				28D0976D284047970060F7AE /* GoogleService-Info.plist */,
			);
			path = Snapchat1;
			sourceTree = "<group>";
		};
		51A2DA0F609E124739CC9843 /* Frameworks */ = {
			isa = PBXGroup;
			children = (
				90DDC6845AE1C8CE7DF3BB00 /* Pods_Snapchat1.framework */,
			);
			name = Frameworks;
			sourceTree = "<group>";
		};
		A2173BCC853243CDA30AB1AB /* Pods */ = {
			isa = PBXGroup;
			children = (
				3E6871DF81073F8B00A0A8EC /* Pods-Snapchat1.debug.xcconfig */,
				EF4A948C34310A397E556236 /* Pods-Snapchat1.release.xcconfig */,
			);
			name = Pods;
			path = Pods;
			sourceTree = "<group>";
		};
/* End PBXGroup section */

/* Begin PBXNativeTarget section */
		28D097552840470A0060F7AE /* Snapchat1 */ = {
			isa = PBXNativeTarget;
			buildConfigurationList = 28D0976A2840470C0060F7AE /* Build configuration list for PBXNativeTarget "Snapchat1" */;
			buildPhases = (
				B6D4A226D01FB5A2299446A2 /* [CP] Check Pods Manifest.lock */,
				28D097522840470A0060F7AE /* Sources */,
				28D097532840470A0060F7AE /* Frameworks */,
				28D097542840470A0060F7AE /* Resources */,
				9C4833DC53C62F80738E4676 /* [CP] Embed Pods Frameworks */,
			);
			buildRules = (
			);
			dependencies = (
			);
			name = Snapchat1;
			productName = Snapchat1;
			productReference = 28D097562840470A0060F7AE /* Snapchat1.app */;
			productType = "com.apple.product-type.application";
		};
/* End PBXNativeTarget section */

/* Begin PBXProject section */
		28D0974E2840470A0060F7AE /* Project object */ = {
			isa = PBXProject;
			attributes = {
				BuildIndependentTargetsInParallel = 1;
				LastSwiftUpdateCheck = 1330;
				LastUpgradeCheck = 1330;
				TargetAttributes = {
					28D097552840470A0060F7AE = {
						CreatedOnToolsVersion = 13.3;
					};
				};
			};
			buildConfigurationList = 28D097512840470A0060F7AE /* Build configuration list for PBXProject "Snapchat1" */;
			compatibilityVersion = "Xcode 13.0";
			developmentRegion = en;
			hasScannedForEncodings = 0;
			knownRegions = (
				en,
				Base,
			);
			mainGroup = 28D0974D2840470A0060F7AE;
			productRefGroup = 28D097572840470A0060F7AE /* Products */;
			projectDirPath = "";
			projectRoot = "";
			targets = (
				28D097552840470A0060F7AE /* Snapchat1 */,
			);
		};
/* End PBXProject section */

/* Begin PBXResourcesBuildPhase section */
		28D097542840470A0060F7AE /* Resources */ = {
			isa = PBXResourcesBuildPhase;
			buildActionMask = 2147483647;
			files = (
				28D097662840470C0060F7AE /* LaunchScreen.storyboard in Resources */,
				28D097632840470C0060F7AE /* Assets.xcassets in Resources */,
				28D097612840470A0060F7AE /* Main.storyboard in Resources */,
				28D0976E284047970060F7AE /* GoogleService-Info.plist in Resources */,
			);
			runOnlyForDeploymentPostprocessing = 0;
		};
/* End PBXResourcesBuildPhase section */

/* Begin PBXShellScriptBuildPhase section */
		9C4833DC53C62F80738E4676 /* [CP] Embed Pods Frameworks */ = {
			isa = PBXShellScriptBuildPhase;
			buildActionMask = 2147483647;
			files = (
			);
			inputFileListPaths = (
				"${PODS_ROOT}/Target Support Files/Pods-Snapchat1/Pods-Snapchat1-frameworks-${CONFIGURATION}-input-files.xcfilelist",
			);
			name = "[CP] Embed Pods Frameworks";
			outputFileListPaths = (
				"${PODS_ROOT}/Target Support Files/Pods-Snapchat1/Pods-Snapchat1-frameworks-${CONFIGURATION}-output-files.xcfilelist",
			);
			runOnlyForDeploymentPostprocessing = 0;
			shellPath = /bin/sh;
			shellScript = "\"${PODS_ROOT}/Target Support Files/Pods-Snapchat1/Pods-Snapchat1-frameworks.sh\"\n";
			showEnvVarsInLog = 0;
		};
		B6D4A226D01FB5A2299446A2 /* [CP] Check Pods Manifest.lock */ = {
			isa = PBXShellScriptBuildPhase;
			buildActionMask = 2147483647;
			files = (
			);
			inputFileListPaths = (
			);
			inputPaths = (
				"${PODS_PODFILE_DIR_PATH}/Podfile.lock",
				"${PODS_ROOT}/Manifest.lock",
			);
			name = "[CP] Check Pods Manifest.lock";
			outputFileListPaths = (
			);
			outputPaths = (
				"$(DERIVED_FILE_DIR)/Pods-Snapchat1-checkManifestLockResult.txt",
			);
			runOnlyForDeploymentPostprocessing = 0;
			shellPath = /bin/sh;
			shellScript = "diff \"${PODS_PODFILE_DIR_PATH}/Podfile.lock\" \"${PODS_ROOT}/Manifest.lock\" > /dev/null\nif [ $? != 0 ] ; then\n    # print error to STDERR\n    echo \"error: The sandbox is not in sync with the Podfile.lock. Run 'pod install' or update your CocoaPods installation.\" >&2\n    exit 1\nfi\n# This output is used by Xcode 'outputs' to avoid re-running this script phase.\necho \"SUCCESS\" > \"${SCRIPT_OUTPUT_FILE_0}\"\n";
			showEnvVarsInLog = 0;
		};
/* End PBXShellScriptBuildPhase section */

/* Begin PBXSourcesBuildPhase section */
		28D097522840470A0060F7AE /* Sources */ = {
			isa = PBXSourcesBuildPhase;
			buildActionMask = 2147483647;
			files = (
				28D0975E2840470A0060F7AE /* ViewController.swift in Sources */,
				28D0975A2840470A0060F7AE /* AppDelegate.swift in Sources */,
				28D0975C2840470A0060F7AE /* SceneDelegate.swift in Sources */,
			);
			runOnlyForDeploymentPostprocessing = 0;
		};
/* End PBXSourcesBuildPhase section */

/* Begin PBXVariantGroup section */
		28D0975F2840470A0060F7AE /* Main.storyboard */ = {
			isa = PBXVariantGroup;
			children = (
				28D097602840470A0060F7AE /* Base */,
			);
			name = Main.storyboard;
			sourceTree = "<group>";
		};
		28D097642840470C0060F7AE /* LaunchScreen.storyboard */ = {
			isa = PBXVariantGroup;
			children = (
				28D097652840470C0060F7AE /* Base */,
			);
			name = LaunchScreen.storyboard;
			sourceTree = "<group>";
		};
/* End PBXVariantGroup section */

/* Begin XCBuildConfiguration section */
		28D097682840470C0060F7AE /* Debug */ = {
			isa = XCBuildConfiguration;
			buildSettings = {
				ALWAYS_SEARCH_USER_PATHS = NO;
				CLANG_ANALYZER_NONNULL = YES;
				CLANG_ANALYZER_NUMBER_OBJECT_CONVERSION = YES_AGGRESSIVE;
				CLANG_CXX_LANGUAGE_STANDARD = "gnu++17";
				CLANG_ENABLE_MODULES = YES;
				CLANG_ENABLE_OBJC_ARC = YES;
				CLANG_ENABLE_OBJC_WEAK = YES;
				CLANG_WARN_BLOCK_CAPTURE_AUTORELEASING = YES;
				CLANG_WARN_BOOL_CONVERSION = YES;
				CLANG_WARN_COMMA = YES;
				CLANG_WARN_CONSTANT_CONVERSION = YES;
				CLANG_WARN_DEPRECATED_OBJC_IMPLEMENTATIONS = YES;
				CLANG_WARN_DIRECT_OBJC_ISA_USAGE = YES_ERROR;
				CLANG_WARN_DOCUMENTATION_COMMENTS = YES;
				CLANG_WARN_EMPTY_BODY = YES;
				CLANG_WARN_ENUM_CONVERSION = YES;
				CLANG_WARN_INFINITE_RECURSION = YES;
				CLANG_WARN_INT_CONVERSION = YES;
				CLANG_WARN_NON_LITERAL_NULL_CONVERSION = YES;
				CLANG_WARN_OBJC_IMPLICIT_RETAIN_SELF = YES;
				CLANG_WARN_OBJC_LITERAL_CONVERSION = YES;
				CLANG_WARN_OBJC_ROOT_CLASS = YES_ERROR;
				CLANG_WARN_QUOTED_INCLUDE_IN_FRAMEWORK_HEADER = YES;
				CLANG_WARN_RANGE_LOOP_ANALYSIS = YES;
				CLANG_WARN_STRICT_PROTOTYPES = YES;
				CLANG_WARN_SUSPICIOUS_MOVE = YES;
				CLANG_WARN_UNGUARDED_AVAILABILITY = YES_AGGRESSIVE;
				CLANG_WARN_UNREACHABLE_CODE = YES;
				CLANG_WARN__DUPLICATE_METHOD_MATCH = YES;
				COPY_PHASE_STRIP = NO;
				DEBUG_INFORMATION_FORMAT = dwarf;
				ENABLE_STRICT_OBJC_MSGSEND = YES;
				ENABLE_TESTABILITY = YES;
				GCC_C_LANGUAGE_STANDARD = gnu11;
				GCC_DYNAMIC_NO_PIC = NO;
				GCC_NO_COMMON_BLOCKS = YES;
				GCC_OPTIMIZATION_LEVEL = 0;
				GCC_PREPROCESSOR_DEFINITIONS = (
					"DEBUG=1",
					"$(inherited)",
				);
				GCC_WARN_64_TO_32_BIT_CONVERSION = YES;
				GCC_WARN_ABOUT_RETURN_TYPE = YES_ERROR;
				GCC_WARN_UNDECLARED_SELECTOR = YES;
				GCC_WARN_UNINITIALIZED_AUTOS = YES_AGGRESSIVE;
				GCC_WARN_UNUSED_FUNCTION = YES;
				GCC_WARN_UNUSED_VARIABLE = YES;
				IPHONEOS_DEPLOYMENT_TARGET = 15.4;
				MTL_ENABLE_DEBUG_INFO = INCLUDE_SOURCE;
				MTL_FAST_MATH = YES;
				ONLY_ACTIVE_ARCH = YES;
				SDKROOT = iphoneos;
				SWIFT_ACTIVE_COMPILATION_CONDITIONS = DEBUG;
				SWIFT_OPTIMIZATION_LEVEL = "-Onone";
			};
			name = Debug;
		};
		28D097692840470C0060F7AE /* Release */ = {
			isa = XCBuildConfiguration;
			buildSettings = {
				ALWAYS_SEARCH_USER_PATHS = NO;
				CLANG_ANALYZER_NONNULL = YES;
				CLANG_ANALYZER_NUMBER_OBJECT_CONVERSION = YES_AGGRESSIVE;
				CLANG_CXX_LANGUAGE_STANDARD = "gnu++17";
				CLANG_ENABLE_MODULES = YES;
				CLANG_ENABLE_OBJC_ARC = YES;
				CLANG_ENABLE_OBJC_WEAK = YES;
				CLANG_WARN_BLOCK_CAPTURE_AUTORELEASING = YES;
				CLANG_WARN_BOOL_CONVERSION = YES;
				CLANG_WARN_COMMA = YES;
				CLANG_WARN_CONSTANT_CONVERSION = YES;
				CLANG_WARN_DEPRECATED_OBJC_IMPLEMENTATIONS = YES;
				CLANG_WARN_DIRECT_OBJC_ISA_USAGE = YES_ERROR;
				CLANG_WARN_DOCUMENTATION_COMMENTS = YES;
				CLANG_WARN_EMPTY_BODY = YES;
				CLANG_WARN_ENUM_CONVERSION = YES;
				CLANG_WARN_INFINITE_RECURSION = YES;
				CLANG_WARN_INT_CONVERSION = YES;
				CLANG_WARN_NON_LITERAL_NULL_CONVERSION = YES;
				CLANG_WARN_OBJC_IMPLICIT_RETAIN_SELF = YES;
				CLANG_WARN_OBJC_LITERAL_CONVERSION = YES;
				CLANG_WARN_OBJC_ROOT_CLASS = YES_ERROR;
				CLANG_WARN_QUOTED_INCLUDE_IN_FRAMEWORK_HEADER = YES;
				CLANG_WARN_RANGE_LOOP_ANALYSIS = YES;
				CLANG_WARN_STRICT_PROTOTYPES = YES;
				CLANG_WARN_SUSPICIOUS_MOVE = YES;
				CLANG_WARN_UNGUARDED_AVAILABILITY = YES_AGGRESSIVE;
				CLANG_WARN_UNREACHABLE_CODE = YES;
				CLANG_WARN__DUPLICATE_METHOD_MATCH = YES;
				COPY_PHASE_STRIP = NO;
				DEBUG_INFORMATION_FORMAT = "dwarf-with-dsym";
				ENABLE_NS_ASSERTIONS = NO;
				ENABLE_STRICT_OBJC_MSGSEND = YES;
				GCC_C_LANGUAGE_STANDARD = gnu11;
				GCC_NO_COMMON_BLOCKS = YES;
				GCC_WARN_64_TO_32_BIT_CONVERSION = YES;
				GCC_WARN_ABOUT_RETURN_TYPE = YES_ERROR;
				GCC_WARN_UNDECLARED_SELECTOR = YES;
				GCC_WARN_UNINITIALIZED_AUTOS = YES_AGGRESSIVE;
				GCC_WARN_UNUSED_FUNCTION = YES;
				GCC_WARN_UNUSED_VARIABLE = YES;
				IPHONEOS_DEPLOYMENT_TARGET = 15.4;
				MTL_ENABLE_DEBUG_INFO = NO;
				MTL_FAST_MATH = YES;
				SDKROOT = iphoneos;
				SWIFT_COMPILATION_MODE = wholemodule;
				SWIFT_OPTIMIZATION_LEVEL = "-O";
				VALIDATE_PRODUCT = YES;
			};
			name = Release;
		};
		28D0976B2840470C0060F7AE /* Debug */ = {
			isa = XCBuildConfiguration;
			baseConfigurationReference = 3E6871DF81073F8B00A0A8EC /* Pods-Snapchat1.debug.xcconfig */;
			buildSettings = {
				ASSETCATALOG_COMPILER_APPICON_NAME = AppIcon;
				ASSETCATALOG_COMPILER_GLOBAL_ACCENT_COLOR_NAME = AccentColor;
				CODE_SIGN_STYLE = Automatic;
				CURRENT_PROJECT_VERSION = 1;
				GENERATE_INFOPLIST_FILE = YES;
				INFOPLIST_FILE = Snapchat1/Info.plist;
				INFOPLIST_KEY_UIApplicationSupportsIndirectInputEvents = YES;
				INFOPLIST_KEY_UILaunchStoryboardName = LaunchScreen;
				INFOPLIST_KEY_UIMainStoryboardFile = Main;
				INFOPLIST_KEY_UISupportedInterfaceOrientations_iPad = "UIInterfaceOrientationPortrait UIInterfaceOrientationPortraitUpsideDown UIInterfaceOrientationLandscapeLeft UIInterfaceOrientationLandscapeRight";
				INFOPLIST_KEY_UISupportedInterfaceOrientations_iPhone = "UIInterfaceOrientationPortrait UIInterfaceOrientationLandscapeLeft UIInterfaceOrientationLandscapeRight";
				LD_RUNPATH_SEARCH_PATHS = (
					"$(inherited)",
					"@executable_path/Frameworks",
				);
				MARKETING_VERSION = 1.0;
				PRODUCT_BUNDLE_IDENTIFIER = com.tecsup.gabito.Snapchat1.Snapchat1;
				PRODUCT_NAME = "$(TARGET_NAME)";
				SWIFT_EMIT_LOC_STRINGS = YES;
				SWIFT_VERSION = 5.0;
				TARGETED_DEVICE_FAMILY = "1,2";
			};
			name = Debug;
		};
		28D0976C2840470C0060F7AE /* Release */ = {
			isa = XCBuildConfiguration;
			baseConfigurationReference = EF4A948C34310A397E556236 /* Pods-Snapchat1.release.xcconfig */;
			buildSettings = {
				ASSETCATALOG_COMPILER_APPICON_NAME = AppIcon;
				ASSETCATALOG_COMPILER_GLOBAL_ACCENT_COLOR_NAME = AccentColor;
				CODE_SIGN_STYLE = Automatic;
				CURRENT_PROJECT_VERSION = 1;
				GENERATE_INFOPLIST_FILE = YES;
				INFOPLIST_FILE = Snapchat1/Info.plist;
				INFOPLIST_KEY_UIApplicationSupportsIndirectInputEvents = YES;
				INFOPLIST_KEY_UILaunchStoryboardName = LaunchScreen;
				INFOPLIST_KEY_UIMainStoryboardFile = Main;
				INFOPLIST_KEY_UISupportedInterfaceOrientations_iPad = "UIInterfaceOrientationPortrait UIInterfaceOrientationPortraitUpsideDown UIInterfaceOrientationLandscapeLeft UIInterfaceOrientationLandscapeRight";
				INFOPLIST_KEY_UISupportedInterfaceOrientations_iPhone = "UIInterfaceOrientationPortrait UIInterfaceOrientationLandscapeLeft UIInterfaceOrientationLandscapeRight";
				LD_RUNPATH_SEARCH_PATHS = (
					"$(inherited)",
					"@executable_path/Frameworks",
				);
				MARKETING_VERSION = 1.0;
				PRODUCT_BUNDLE_IDENTIFIER = com.tecsup.gabito.Snapchat1.Snapchat1;
				PRODUCT_NAME = "$(TARGET_NAME)";
				SWIFT_EMIT_LOC_STRINGS = YES;
				SWIFT_VERSION = 5.0;
				TARGETED_DEVICE_FAMILY = "1,2";
			};
			name = Release;
		};
/* End XCBuildConfiguration section */

/* Begin XCConfigurationList section */
		28D097512840470A0060F7AE /* Build configuration list for PBXProject "Snapchat1" */ = {
			isa = XCConfigurationList;
			buildConfigurations = (
				28D097682840470C0060F7AE /* Debug */,
				28D097692840470C0060F7AE /* Release */,
			);
			defaultConfigurationIsVisible = 0;
			defaultConfigurationName = Release;
		};
		28D0976A2840470C0060F7AE /* Build configuration list for PBXNativeTarget "Snapchat1" */ = {
			isa = XCConfigurationList;
			buildConfigurations = (
				28D0976B2840470C0060F7AE /* Debug */,
				28D0976C2840470C0060F7AE /* Release */,
			);
			defaultConfigurationIsVisible = 0;
			defaultConfigurationName = Release;
		};
/* End XCConfigurationList section */
	};
	rootObject = 28D0974E2840470A0060F7AE /* Project object */;
}
